# THIS IS AN AUTOGENERATED FILE. DO NOT EDIT THIS FILE DIRECTLY.
# yarn lockfile v1


"@cloudflare/kv-asset-handler@^0.2.0":
  version "0.2.0"
  resolved "https://registry.yarnpkg.com/@cloudflare/kv-asset-handler/-/kv-asset-handler-0.2.0.tgz#c9959bbd7a1c40bd7c674adae98aa8c8d0e5ca68"
  integrity sha512-MVbXLbTcAotOPUj0pAMhVtJ+3/kFkwJqc5qNOleOZTv6QkZZABDMS21dSrSlVswEHwrpWC03e4fWytjqKvuE2A==
  dependencies:
    mime "^3.0.0"

"@vespaiach/axios-fetch-adapter@^0.1.1":
  version "0.1.1"
  resolved "https://registry.yarnpkg.com/@vespaiach/axios-fetch-adapter/-/axios-fetch-adapter-0.1.1.tgz#2da3fe5e5284aee776aebb01f4e5140cb7fbf988"
  integrity sha512-XdXHkMNpHuHmVGy2Ly4PKT99MLDeLa9/Ucj07Ba561SroL11P7WkPlnhZ5YkjjH072cSKpp/hsKuYjul11SJ2w==

axios@^0.25.0:
  version "0.25.0"
  resolved "https://registry.yarnpkg.com/axios/-/axios-0.25.0.tgz#349cfbb31331a9b4453190791760a8d35b093e0a"
  integrity sha512-cD8FOb0tRH3uuEe6+evtAbgJtfxr7ly3fQjYcMcuPlgkwVS9xboaVIpcDV+cYQe+yGykgwZCs1pzjntcGa6l5g==
  dependencies:
    follow-redirects "^1.14.7"

follow-redirects@^1.14.7:
  version "1.14.7"
  resolved "https://registry.yarnpkg.com/follow-redirects/-/follow-redirects-1.14.7.tgz#2004c02eb9436eee9a21446a6477debf17e81685"
  integrity sha512-+hbxoLbFMbRKDwohX8GkTataGqO6Jb7jGwpAlwgy2bIz25XtRm7KEzJM76R1WiNT5SwZkX4Y75SwBolkpmE7iQ==

mime@^3.0.0:
  version "3.0.0"
  resolved "https://registry.yarnpkg.com/mime/-/mime-3.0.0.tgz#b374550dca3a0c18443b0c950a6a58f1931cf7a7"
  integrity sha512-jSCU7/VB1loIWBZe14aEYHU/+1UMEHoaO7qxCOVJOw9GgH72VAWppxNcjU+x9a2k3GSIBXNKxXQFqRvvZ7vr3A==

multiformats@^9.4.2:
  version "9.6.3"
  resolved "https://registry.yarnpkg.com/multiformats/-/multiformats-9.6.3.tgz#9f2aef711ddd0e7b05a1b5f1ad70928544c8c190"
  integrity sha512-yfXKI66fL0nFzt0nJl26i4wV1qAqbAEIBvfFbkbsne9GrLz6IHvHUoRyxUtlJcdP181ssOgjama6E/VSk4pbrA==

prettier@^1.18.2:
  version "1.19.1"
  resolved "https://registry.yarnpkg.com/prettier/-/prettier-1.19.1.tgz#f7d7f5ff8a9cd872a7be4ca142095956a60797cb"
  integrity sha512-s7PoyDv/II1ObgQunCbB9PdLmUcBZcnWOcxDh7O0N/UwDEsHyqkW+Qh28jW+mVuCdx7gLB0BotYI1Y6uI9iyew==

regenerator-runtime@^0.13.9:
  version "0.13.9"
  resolved "https://registry.yarnpkg.com/regenerator-runtime/-/regenerator-runtime-0.13.9.tgz#8925742a98ffd90814988d7566ad30ca3b263b52"
  integrity sha512-p3VT+cOEgxFsRRA9X4lkI1E+k2/CtnKtU4gcxyaCUreilL/vqI6CdZ3wxVUx3UOUg+gnUOQQcRI7BmSI656MYA==

uint8arrays@^3.0.0:
  version "3.0.0"
  resolved "https://registry.yarnpkg.com/uint8arrays/-/uint8arrays-3.0.0.tgz#260869efb8422418b6f04e3fac73a3908175c63b"
  integrity sha512-HRCx0q6O9Bfbp+HHSfQQKD7wU70+lydKVt4EghkdOvlK/NlrF90z+eXV34mUd48rNvVJXwkrMSPpCATkct8fJA==
  dependencies:
    multiformats "^9.4.2"
